// !$*UTF8*$!
{
	archiveVersion = 1;
	classes = {
	};
	objectVersion = 48;
	objects = {

/* Begin PBXBuildFile section */
		EE0D19D21FA221AD0098D8F7 /* AppDelegate.swift in Sources */ = {isa = PBXBuildFile; fileRef = EE0D19D11FA221AD0098D8F7 /* AppDelegate.swift */; };
		EE0D19D41FA221AD0098D8F7 /* ViewController.swift in Sources */ = {isa = PBXBuildFile; fileRef = EE0D19D31FA221AD0098D8F7 /* ViewController.swift */; };
		EE0D19DC1FA221AD0098D8F7 /* LaunchScreen.storyboard in Resources */ = {isa = PBXBuildFile; fileRef = EE0D19DA1FA221AD0098D8F7 /* LaunchScreen.storyboard */; };
		EE5A15F31FB3559600EB041D /* AlgorithmViewController.swift in Sources */ = {isa = PBXBuildFile; fileRef = EE5A15F21FB3559600EB041D /* AlgorithmViewController.swift */; };
		EE9E50D71FB60785009059B5 /* Main.storyboard in Resources */ = {isa = PBXBuildFile; fileRef = EE0D19D51FA221AD0098D8F7 /* Main.storyboard */; };
		EE9E50FB1FB60929009059B5 /* GlobalImpactController.swift in Sources */ = {isa = PBXBuildFile; fileRef = EE9E50FA1FB60929009059B5 /* GlobalImpactController.swift */; };
		EEF4CFAF1FE177ED00ABE2D3 /* StarField.sks in Resources */ = {isa = PBXBuildFile; fileRef = EEF4CFAE1FE177ED00ABE2D3 /* StarField.sks */; };
		EEF4CFB11FE17C0700ABE2D3 /* Model in Resources */ = {isa = PBXBuildFile; fileRef = EEF4CFB01FE17C0700ABE2D3 /* Model */; };
		EEF4CFB31FE17C5500ABE2D3 /* Utilities.swift in Sources */ = {isa = PBXBuildFile; fileRef = EEF4CFB21FE17C5500ABE2D3 /* Utilities.swift */; };
		EEF4CFB51FE17FE500ABE2D3 /* ProgrammingViewController.swift in Sources */ = {isa = PBXBuildFile; fileRef = EEF4CFB41FE17FE500ABE2D3 /* ProgrammingViewController.swift */; };
		EEF4CFB71FE181E500ABE2D3 /* GameScene.swift in Sources */ = {isa = PBXBuildFile; fileRef = EEF4CFB61FE181E500ABE2D3 /* GameScene.swift */; };
		EEF4CFB91FE181E900ABE2D3 /* LevelCompleteScene.swift in Sources */ = {isa = PBXBuildFile; fileRef = EEF4CFB81FE181E900ABE2D3 /* LevelCompleteScene.swift */; };
		EEF4CFBB1FE181EC00ABE2D3 /* StartScene.swift in Sources */ = {isa = PBXBuildFile; fileRef = EEF4CFBA1FE181EC00ABE2D3 /* StartScene.swift */; };
/* End PBXBuildFile section */

/* Begin PBXFileReference section */
		EE0D19CE1FA221AD0098D8F7 /* Shujaet_CSP.app */ = {isa = PBXFileReference; explicitFileType = wrapper.application; includeInIndex = 0; path = Shujaet_CSP.app; sourceTree = BUILT_PRODUCTS_DIR; };
		EE0D19D11FA221AD0098D8F7 /* AppDelegate.swift */ = {isa = PBXFileReference; lastKnownFileType = sourcecode.swift; path = AppDelegate.swift; sourceTree = "<group>"; };
		EE0D19D31FA221AD0098D8F7 /* ViewController.swift */ = {isa = PBXFileReference; lastKnownFileType = sourcecode.swift; path = ViewController.swift; sourceTree = "<group>"; };
		EE0D19D61FA221AD0098D8F7 /* Base */ = {isa = PBXFileReference; lastKnownFileType = file.storyboard; name = Base; path = Base.lproj/Main.storyboard; sourceTree = "<group>"; };
		EE0D19DB1FA221AD0098D8F7 /* Base */ = {isa = PBXFileReference; lastKnownFileType = file.storyboard; name = Base; path = Base.lproj/LaunchScreen.storyboard; sourceTree = "<group>"; };
		EE5A15F21FB3559600EB041D /* AlgorithmViewController.swift */ = {isa = PBXFileReference; lastKnownFileType = sourcecode.swift; path = AlgorithmViewController.swift; sourceTree = "<group>"; };
		EE88606E1FE41AA500B7BEB4 /* powerup sound.mp3 */ = {isa = PBXFileReference; lastKnownFileType = audio.mp3; path = "powerup sound.mp3"; sourceTree = "<group>"; };
		EE88606F1FE41AAB00B7BEB4 /* laser sound.mp3 */ = {isa = PBXFileReference; lastKnownFileType = audio.mp3; path = "laser sound.mp3"; sourceTree = "<group>"; };
		EE8860701FE41ABF00B7BEB4 /* invader sound.mp3 */ = {isa = PBXFileReference; lastKnownFileType = audio.mp3; path = "invader sound.mp3"; sourceTree = "<group>"; };
		EE8860711FE41ACA00B7BEB4 /* extra sound.mp3 */ = {isa = PBXFileReference; lastKnownFileType = audio.mp3; path = "extra sound.mp3"; sourceTree = "<group>"; };
		EE8860721FE41AD600B7BEB4 /* Assets.xcassets */ = {isa = PBXFileReference; lastKnownFileType = folder.assetcatalog; path = Assets.xcassets; sourceTree = "<group>"; };
		EE8860731FE41ADC00B7BEB4 /* Info.plist */ = {isa = PBXFileReference; lastKnownFileType = text.plist.xml; path = Info.plist; sourceTree = "<group>"; };
		EE9E50FA1FB60929009059B5 /* GlobalImpactController.swift */ = {isa = PBXFileReference; lastKnownFileType = sourcecode.swift; path = GlobalImpactController.swift; sourceTree = "<group>"; };
		EEF4CFAE1FE177ED00ABE2D3 /* StarField.sks */ = {isa = PBXFileReference; lastKnownFileType = file.sks; path = StarField.sks; sourceTree = "<group>"; };
		EEF4CFB01FE17C0700ABE2D3 /* Model */ = {isa = PBXFileReference; lastKnownFileType = folder; path = Model; sourceTree = "<group>"; };
		EEF4CFB21FE17C5500ABE2D3 /* Utilities.swift */ = {isa = PBXFileReference; fileEncoding = 4; lastKnownFileType = sourcecode.swift; path = Utilities.swift; sourceTree = "<group>"; };
		EEF4CFB41FE17FE500ABE2D3 /* ProgrammingViewController.swift */ = {isa = PBXFileReference; lastKnownFileType = sourcecode.swift; path = ProgrammingViewController.swift; sourceTree = "<group>"; };
		EEF4CFB61FE181E500ABE2D3 /* GameScene.swift */ = {isa = PBXFileReference; lastKnownFileType = sourcecode.swift; path = GameScene.swift; sourceTree = "<group>"; };
		EEF4CFB81FE181E900ABE2D3 /* LevelCompleteScene.swift */ = {isa = PBXFileReference; lastKnownFileType = sourcecode.swift; path = LevelCompleteScene.swift; sourceTree = "<group>"; };
		EEF4CFBA1FE181EC00ABE2D3 /* StartScene.swift */ = {isa = PBXFileReference; lastKnownFileType = sourcecode.swift; path = StartScene.swift; sourceTree = "<group>"; };
/* End PBXFileReference section */

/* Begin PBXFrameworksBuildPhase section */
		EE0D19CB1FA221AD0098D8F7 /* Frameworks */ = {
			isa = PBXFrameworksBuildPhase;
			buildActionMask = 2147483647;
			files = (
			);
			runOnlyForDeploymentPostprocessing = 0;
		};
/* End PBXFrameworksBuildPhase section */

/* Begin PBXGroup section */
		EE0D19C51FA221AD0098D8F7 = {
			isa = PBXGroup;
			children = (
				EEF4CFB01FE17C0700ABE2D3 /* Model */,
				EEF4CFAD1FE1772300ABE2D3 /* View */,
				EE7BC8C61FE174DE006F89D3 /* Resources */,
				EE0D19D01FA221AD0098D8F7 /* Shujaet_CSP */,
				EE0D19CF1FA221AD0098D8F7 /* Products */,
			);
			sourceTree = "<group>";
		};
		EE0D19CF1FA221AD0098D8F7 /* Products */ = {
			isa = PBXGroup;
			children = (
				EE0D19CE1FA221AD0098D8F7 /* Shujaet_CSP.app */,
			);
			name = Products;
			sourceTree = "<group>";
		};
		EE0D19D01FA221AD0098D8F7 /* Shujaet_CSP */ = {
			isa = PBXGroup;
			children = (
				EE5A15F11FB3556B00EB041D /* Controller */,
				EE0D19D11FA221AD0098D8F7 /* AppDelegate.swift */,
				EE0D19D31FA221AD0098D8F7 /* ViewController.swift */,
				EE0D19DA1FA221AD0098D8F7 /* LaunchScreen.storyboard */,
			);
			path = Shujaet_CSP;
			sourceTree = "<group>";
		};
		EE5A15F11FB3556B00EB041D /* Controller */ = {
			isa = PBXGroup;
			children = (
				EEF4CFB61FE181E500ABE2D3 /* GameScene.swift */,
				EEF4CFB81FE181E900ABE2D3 /* LevelCompleteScene.swift */,
				EEF4CFBA1FE181EC00ABE2D3 /* StartScene.swift */,
				EE5A15F21FB3559600EB041D /* AlgorithmViewController.swift */,
				EE9E50FA1FB60929009059B5 /* GlobalImpactController.swift */,
				EEF4CFB41FE17FE500ABE2D3 /* ProgrammingViewController.swift */,
			);
			path = Controller;
			sourceTree = "<group>";
		};
		EE7BC8C61FE174DE006F89D3 /* Resources */ = {
			isa = PBXGroup;
			children = (
				EE8860721FE41AD600B7BEB4 /* Assets.xcassets */,
				EE8860731FE41ADC00B7BEB4 /* Info.plist */,
				EEF4CFB21FE17C5500ABE2D3 /* Utilities.swift */,
				EE7BC8C71FE174F0006F89D3 /* Sounds */,
			);
			path = Resources;
			sourceTree = "<group>";
		};
		EE7BC8C71FE174F0006F89D3 /* Sounds */ = {
			isa = PBXGroup;
			children = (
				EE88606E1FE41AA500B7BEB4 /* powerup sound.mp3 */,
				EE88606F1FE41AAB00B7BEB4 /* laser sound.mp3 */,
				EE8860701FE41ABF00B7BEB4 /* invader sound.mp3 */,
				EE8860711FE41ACA00B7BEB4 /* extra sound.mp3 */,
			);
			path = Sounds;
			sourceTree = "<group>";
		};
		EEF4CFAD1FE1772300ABE2D3 /* View */ = {
			isa = PBXGroup;
			children = (
				EEF4CFAE1FE177ED00ABE2D3 /* StarField.sks */,
				EE0D19D51FA221AD0098D8F7 /* Main.storyboard */,
			);
			path = View;
			sourceTree = "<group>";
		};
/* End PBXGroup section */

/* Begin PBXNativeTarget section */
		EE0D19CD1FA221AD0098D8F7 /* Shujaet_CSP */ = {
			isa = PBXNativeTarget;
			buildConfigurationList = EE0D19E01FA221AD0098D8F7 /* Build configuration list for PBXNativeTarget "Shujaet_CSP" */;
			buildPhases = (
				EE0D19CA1FA221AD0098D8F7 /* Sources */,
				EE0D19CB1FA221AD0098D8F7 /* Frameworks */,
				EE0D19CC1FA221AD0098D8F7 /* Resources */,
			);
			buildRules = (
			);
			dependencies = (
			);
			name = Shujaet_CSP;
			productName = Shujaet_CSP;
			productReference = EE0D19CE1FA221AD0098D8F7 /* Shujaet_CSP.app */;
			productType = "com.apple.product-type.application";
		};
/* End PBXNativeTarget section */

/* Begin PBXProject section */
		EE0D19C61FA221AD0098D8F7 /* Project object */ = {
			isa = PBXProject;
			attributes = {
				LastSwiftUpdateCheck = 0900;
				LastUpgradeCheck = 0900;
				ORGANIZATIONNAME = "Din, Shujaet";
				TargetAttributes = {
					EE0D19CD1FA221AD0098D8F7 = {
						CreatedOnToolsVersion = 9.0;
						ProvisioningStyle = Automatic;
					};
				};
			};
			buildConfigurationList = EE0D19C91FA221AD0098D8F7 /* Build configuration list for PBXProject "Shujaet_CSP" */;
			compatibilityVersion = "Xcode 8.0";
			developmentRegion = en;
			hasScannedForEncodings = 0;
			knownRegions = (
				en,
				Base,
			);
			mainGroup = EE0D19C51FA221AD0098D8F7;
			productRefGroup = EE0D19CF1FA221AD0098D8F7 /* Products */;
			projectDirPath = "";
			projectRoot = "";
			targets = (
				EE0D19CD1FA221AD0098D8F7 /* Shujaet_CSP */,
			);
		};
/* End PBXProject section */

/* Begin PBXResourcesBuildPhase section */
		EE0D19CC1FA221AD0098D8F7 /* Resources */ = {
			isa = PBXResourcesBuildPhase;
			buildActionMask = 2147483647;
			files = (
				EEF4CFB11FE17C0700ABE2D3 /* Model in Resources */,
				EEF4CFAF1FE177ED00ABE2D3 /* StarField.sks in Resources */,
				EE9E50D71FB60785009059B5 /* Main.storyboard in Resources */,
				EE0D19DC1FA221AD0098D8F7 /* LaunchScreen.storyboard in Resources */,
			);
			runOnlyForDeploymentPostprocessing = 0;
		};
/* End PBXResourcesBuildPhase section */

/* Begin PBXSourcesBuildPhase section */
		EE0D19CA1FA221AD0098D8F7 /* Sources */ = {
			isa = PBXSourcesBuildPhase;
			buildActionMask = 2147483647;
			files = (
				EEF4CFB51FE17FE500ABE2D3 /* ProgrammingViewController.swift in Sources */,
				EE0D19D41FA221AD0098D8F7 /* ViewController.swift in Sources */,
				EEF4CFB91FE181E900ABE2D3 /* LevelCompleteScene.swift in Sources */,
				EE5A15F31FB3559600EB041D /* AlgorithmViewController.swift in Sources */,
				EE9E50FB1FB60929009059B5 /* GlobalImpactController.swift in Sources */,
				EEF4CFB31FE17C5500ABE2D3 /* Utilities.swift in Sources */,
				EEF4CFB71FE181E500ABE2D3 /* GameScene.swift in Sources */,
				EEF4CFBB1FE181EC00ABE2D3 /* StartScene.swift in Sources */,
				EE0D19D21FA221AD0098D8F7 /* AppDelegate.swift in Sources */,
			);
			runOnlyForDeploymentPostprocessing = 0;
		};
/* End PBXSourcesBuildPhase section */

/* Begin PBXVariantGroup section */
		EE0D19D51FA221AD0098D8F7 /* Main.storyboard */ = {
			isa = PBXVariantGroup;
			children = (
				EE0D19D61FA221AD0098D8F7 /* Base */,
			);
			name = Main.storyboard;
			sourceTree = "<group>";
		};
		EE0D19DA1FA221AD0098D8F7 /* LaunchScreen.storyboard */ = {
			isa = PBXVariantGroup;
			children = (
				EE0D19DB1FA221AD0098D8F7 /* Base */,
			);
			name = LaunchScreen.storyboard;
			sourceTree = "<group>";
		};
/* End PBXVariantGroup section */

/* Begin XCBuildConfiguration section */
		EE0D19DE1FA221AD0098D8F7 /* Debug */ = {
			isa = XCBuildConfiguration;
			buildSettings = {
				ALWAYS_SEARCH_USER_PATHS = NO;
				CLANG_ANALYZER_NONNULL = YES;
				CLANG_ANALYZER_NUMBER_OBJECT_CONVERSION = YES_AGGRESSIVE;
				CLANG_CXX_LANGUAGE_STANDARD = "gnu++14";
				CLANG_CXX_LIBRARY = "libc++";
				CLANG_ENABLE_MODULES = YES;
				CLANG_ENABLE_OBJC_ARC = YES;
				CLANG_WARN_BLOCK_CAPTURE_AUTORELEASING = YES;
				CLANG_WARN_BOOL_CONVERSION = YES;
				CLANG_WARN_COMMA = YES;
				CLANG_WARN_CONSTANT_CONVERSION = YES;
				CLANG_WARN_DIRECT_OBJC_ISA_USAGE = YES_ERROR;
				CLANG_WARN_DOCUMENTATION_COMMENTS = YES;
				CLANG_WARN_EMPTY_BODY = YES;
				CLANG_WARN_ENUM_CONVERSION = YES;
				CLANG_WARN_INFINITE_RECURSION = YES;
				CLANG_WARN_INT_CONVERSION = YES;
				CLANG_WARN_NON_LITERAL_NULL_CONVERSION = YES;
				CLANG_WARN_OBJC_LITERAL_CONVERSION = YES;
				CLANG_WARN_OBJC_ROOT_CLASS = YES_ERROR;
				CLANG_WARN_RANGE_LOOP_ANALYSIS = YES;
				CLANG_WARN_STRICT_PROTOTYPES = YES;
				CLANG_WARN_SUSPICIOUS_MOVE = YES;
				CLANG_WARN_UNGUARDED_AVAILABILITY = YES_AGGRESSIVE;
				CLANG_WARN_UNREACHABLE_CODE = YES;
				CLANG_WARN__DUPLICATE_METHOD_MATCH = YES;
				CODE_SIGN_IDENTITY = "iPhone Developer";
				COPY_PHASE_STRIP = NO;
				DEBUG_INFORMATION_FORMAT = dwarf;
				ENABLE_STRICT_OBJC_MSGSEND = YES;
				ENABLE_TESTABILITY = YES;
				GCC_C_LANGUAGE_STANDARD = gnu11;
				GCC_DYNAMIC_NO_PIC = NO;
				GCC_NO_COMMON_BLOCKS = YES;
				GCC_OPTIMIZATION_LEVEL = 0;
				GCC_PREPROCESSOR_DEFINITIONS = (
					"DEBUG=1",
					"$(inherited)",
				);
				GCC_WARN_64_TO_32_BIT_CONVERSION = YES;
				GCC_WARN_ABOUT_RETURN_TYPE = YES_ERROR;
				GCC_WARN_UNDECLARED_SELECTOR = YES;
				GCC_WARN_UNINITIALIZED_AUTOS = YES_AGGRESSIVE;
				GCC_WARN_UNUSED_FUNCTION = YES;
				GCC_WARN_UNUSED_VARIABLE = YES;
				IPHONEOS_DEPLOYMENT_TARGET = 11.0;
				MTL_ENABLE_DEBUG_INFO = YES;
				ONLY_ACTIVE_ARCH = YES;
				SDKROOT = iphoneos;
				SWIFT_ACTIVE_COMPILATION_CONDITIONS = DEBUG;
				SWIFT_OPTIMIZATION_LEVEL = "-Onone";
			};
			name = Debug;
		};
		EE0D19DF1FA221AD0098D8F7 /* Release */ = {
			isa = XCBuildConfiguration;
			buildSettings = {
				ALWAYS_SEARCH_USER_PATHS = NO;
				CLANG_ANALYZER_NONNULL = YES;
				CLANG_ANALYZER_NUMBER_OBJECT_CONVERSION = YES_AGGRESSIVE;
				CLANG_CXX_LANGUAGE_STANDARD = "gnu++14";
				CLANG_CXX_LIBRARY = "libc++";
				CLANG_ENABLE_MODULES = YES;
				CLANG_ENABLE_OBJC_ARC = YES;
				CLANG_WARN_BLOCK_CAPTURE_AUTORELEASING = YES;
				CLANG_WARN_BOOL_CONVERSION = YES;
				CLANG_WARN_COMMA = YES;
				CLANG_WARN_CONSTANT_CONVERSION = YES;
				CLANG_WARN_DIRECT_OBJC_ISA_USAGE = YES_ERROR;
				CLANG_WARN_DOCUMENTATION_COMMENTS = YES;
				CLANG_WARN_EMPTY_BODY = YES;
				CLANG_WARN_ENUM_CONVERSION = YES;
				CLANG_WARN_INFINITE_RECURSION = YES;
				CLANG_WARN_INT_CONVERSION = YES;
				CLANG_WARN_NON_LITERAL_NULL_CONVERSION = YES;
				CLANG_WARN_OBJC_LITERAL_CONVERSION = YES;
				CLANG_WARN_OBJC_ROOT_CLASS = YES_ERROR;
				CLANG_WARN_RANGE_LOOP_ANALYSIS = YES;
				CLANG_WARN_STRICT_PROTOTYPES = YES;
				CLANG_WARN_SUSPICIOUS_MOVE = YES;
				CLANG_WARN_UNGUARDED_AVAILABILITY = YES_AGGRESSIVE;
				CLANG_WARN_UNREACHABLE_CODE = YES;
				CLANG_WARN__DUPLICATE_METHOD_MATCH = YES;
				CODE_SIGN_IDENTITY = "iPhone Developer";
				COPY_PHASE_STRIP = NO;
				DEBUG_INFORMATION_FORMAT = "dwarf-with-dsym";
				ENABLE_NS_ASSERTIONS = NO;
				ENABLE_STRICT_OBJC_MSGSEND = YES;
				GCC_C_LANGUAGE_STANDARD = gnu11;
				GCC_NO_COMMON_BLOCKS = YES;
				GCC_WARN_64_TO_32_BIT_CONVERSION = YES;
				GCC_WARN_ABOUT_RETURN_TYPE = YES_ERROR;
				GCC_WARN_UNDECLARED_SELECTOR = YES;
				GCC_WARN_UNINITIALIZED_AUTOS = YES_AGGRESSIVE;
				GCC_WARN_UNUSED_FUNCTION = YES;
				GCC_WARN_UNUSED_VARIABLE = YES;
				IPHONEOS_DEPLOYMENT_TARGET = 11.0;
				MTL_ENABLE_DEBUG_INFO = NO;
				SDKROOT = iphoneos;
				SWIFT_OPTIMIZATION_LEVEL = "-Owholemodule";
				VALIDATE_PRODUCT = YES;
			};
			name = Release;
		};
		EE0D19E11FA221AD0098D8F7 /* Debug */ = {
			isa = XCBuildConfiguration;
			buildSettings = {
				ASSETCATALOG_COMPILER_APPICON_NAME = AppIcon;
				CODE_SIGN_STYLE = Automatic;
				INFOPLIST_FILE = Shujaet_CSP/Info.plist;
				LD_RUNPATH_SEARCH_PATHS = "$(inherited) @executable_path/Frameworks";
				PRODUCT_BUNDLE_IDENTIFIER = "CTEC.Shujaet-CSP";
				PRODUCT_NAME = "$(TARGET_NAME)";
				SWIFT_VERSION = 4.0;
				TARGETED_DEVICE_FAMILY = "1,2";
			};
			name = Debug;
		};
		EE0D19E21FA221AD0098D8F7 /* Release */ = {
			isa = XCBuildConfiguration;
			buildSettings = {
				ASSETCATALOG_COMPILER_APPICON_NAME = AppIcon;
				CODE_SIGN_STYLE = Automatic;
				INFOPLIST_FILE = Shujaet_CSP/Info.plist;
				LD_RUNPATH_SEARCH_PATHS = "$(inherited) @executable_path/Frameworks";
				PRODUCT_BUNDLE_IDENTIFIER = "CTEC.Shujaet-CSP";
				PRODUCT_NAME = "$(TARGET_NAME)";
				SWIFT_VERSION = 4.0;
				TARGETED_DEVICE_FAMILY = "1,2";
			};
			name = Release;
		};
/* End XCBuildConfiguration section */

/* Begin XCConfigurationList section */
		EE0D19C91FA221AD0098D8F7 /* Build configuration list for PBXProject "Shujaet_CSP" */ = {
			isa = XCConfigurationList;
			buildConfigurations = (
				EE0D19DE1FA221AD0098D8F7 /* Debug */,
				EE0D19DF1FA221AD0098D8F7 /* Release */,
			);
			defaultConfigurationIsVisible = 0;
			defaultConfigurationName = Release;
		};
		EE0D19E01FA221AD0098D8F7 /* Build configuration list for PBXNativeTarget "Shujaet_CSP" */ = {
			isa = XCConfigurationList;
			buildConfigurations = (
				EE0D19E11FA221AD0098D8F7 /* Debug */,
				EE0D19E21FA221AD0098D8F7 /* Release */,
			);
			defaultConfigurationIsVisible = 0;
			defaultConfigurationName = Release;
		};
/* End XCConfigurationList section */
	};
	rootObject = EE0D19C61FA221AD0098D8F7 /* Project object */;
}
